[[tools.air]]
version = "1.64.5"
backend = "aqua:air-verse/air"
"platforms.linux-arm64" = { checksum = "sha256:16127a32d4732b5d60ebf14dc6b407bec3045608bafe8e15caec8bbacdc5b208", url = "https://github.com/air-verse/air/releases/download/v1.64.5/air_1.64.5_linux_arm64.tar.gz"}
"platforms.linux-x64" = { checksum = "sha256:2318802038baead95775b871ea7b6dd40d7e1af2f1bb63f590e86465544bb993", url = "https://github.com/air-verse/air/releases/download/v1.64.5/air_1.64.5_linux_amd64.tar.gz"}
"platforms.macos-arm64" = { checksum = "sha256:094938fe307ef1f09637117925bd4bce1d84ec8fbe9a8b1e07dbcd7eb9def4f7", url = "https://github.com/air-verse/air/releases/download/v1.64.5/air_1.64.5_darwin_arm64.tar.gz"}
"platforms.macos-x64" = { checksum = "sha256:793704d06fa3a42955d335010bb70bd33893db834d12173f25afca06d08be9ef", url = "https://github.com/air-verse/air/releases/download/v1.64.5/air_1.64.5_darwin_amd64.tar.gz"}
"platforms.windows-x64" = { checksum = "sha256:6ce5cd2fc0bb4b26e753818d9f8a27523434f9538348b0e14397e37bfe636e4a", url = "https://github.com/air-verse/air/releases/download/v1.64.5/air_1.64.5_windows_amd64.tar.gz"}

[[tools.atlas]]
version = "1.1.0"
backend = "aqua:ariga/atlas"
"platforms.linux-arm64" = { checksum = "sha256:39fdf4975613c3f3e7f6f3ac082a72387db15119efa069caad9c1642f71b03e4", url = "https://release.ariga.io/atlas/atlas-linux-arm64-v1.1.0"}
"platforms.linux-x64" = { checksum = "sha256:af19315d37190dd4d6af75358708c4537fc36b5720ce081e493cf4fa69452ef5", url = "https://release.ariga.io/atlas/atlas-linux-amd64-v1.1.0"}
"platforms.macos-arm64" = { checksum = "sha256:3b3825eef961c8bc07f3bfe3da7a4d99b615b7955b1c6115a40130b1c9767727", url = "https://release.ariga.io/atlas/atlas-darwin-arm64-v1.1.0"}
"platforms.macos-x64" = { checksum = "sha256:e009ab7931ef93109c80d0d7dc9e46e38c98426635088521c4694fdb28d0f44e", url = "https://release.ariga.io/atlas/atlas-darwin-amd64-v1.1.0"}
"platforms.windows-x64" = { checksum = "sha256:cc984ca7d11b20bf10f5fdcc08b37db5e7714c5b2fa9f63d7dc4ba441df60d0b", url = "https://release.ariga.io/atlas/atlas-windows-amd64-v1.1.0.exe"}

[[tools.docker-compose]]
version = "5.0.2"
backend = "aqua:docker/compose"
"platforms.linux-arm64" = { checksum = "sha256:ac7810e0cd56a5b58576688196fafa843e07e8241fb91018a736d549ea20a3f3", url = "https://github.com/docker/compose/releases/download/v5.0.2/docker-compose-linux-aarch64"}
"platforms.linux-x64" = { checksum = "sha256:2d880f723d3da7c779c54fdaea91a842fca8af55d1397f1ed8d7cbab3dd7af67", url = "https://github.com/docker/compose/releases/download/v5.0.2/docker-compose-linux-x86_64"}
"platforms.macos-arm64" = { checksum = "sha256:72c7e684a1944cfb1765358d7ea7822cd209f25208ca235b914e761d9abb224e", url = "https://github.com/docker/compose/releases/download/v5.0.2/docker-compose-darwin-aarch64"}
"platforms.macos-x64" = { checksum = "sha256:766d6f9b305d89c3b8fe88cb6fb207fd7f531fbd63982b6136d058c1f98767bd", url = "https://github.com/docker/compose/releases/download/v5.0.2/docker-compose-darwin-x86_64"}
"platforms.windows-x64" = { checksum = "sha256:e6281c7b906eafe8f39114e735f11fc276d8cce2cba93a54911ca15337ba6c49", url = "https://github.com/docker/compose/releases/download/v5.0.2/docker-compose-windows-x86_64.exe"}

[[tools."github:casey/just"]]
version = "1.46.0"
backend = "github:casey/just"
"platforms.linux-arm64" = { checksum = "sha256:b81970c8247fa64cfb30d2a3da0e487e4253f9f2d01865ed5e7d53cdc7b02188", url = "https://github.com/casey/just/releases/download/1.46.0/just-1.46.0-aarch64-unknown-linux-musl.tar.gz", url_api = "https://api.github.com/repos/casey/just/releases/assets/335433617"}
"platforms.linux-x64" = { checksum = "sha256:79966e6e353f535ee7d1c6221641bcc8e3381c55b0d0a6dc6e54b34f9db36eaa", url = "https://github.com/casey/just/releases/download/1.46.0/just-1.46.0-x86_64-unknown-linux-musl.tar.gz", url_api = "https://api.github.com/repos/casey/just/releases/assets/335433546"}
"platforms.macos-arm64" = { checksum = "sha256:438eaf6468a115aa7db93e501cc7e3272f453f6b7083be3863adfab546b23358", url = "https://github.com/casey/just/releases/download/1.46.0/just-1.46.0-aarch64-apple-darwin.tar.gz", url_api = "https://api.github.com/repos/casey/just/releases/assets/335433784"}
"platforms.macos-x64" = { checksum = "sha256:ec54dd60ac876261b7318f1852ef9c0319fede1e5a73c14f56d908a8edf595b8", url = "https://github.com/casey/just/releases/download/1.46.0/just-1.46.0-x86_64-apple-darwin.tar.gz", url_api = "https://api.github.com/repos/casey/just/releases/assets/335433529"}
"platforms.windows-x64" = { checksum = "sha256:f0acf3f8ccbcf360b481baae9cae4c921774c89d5d932012481d3e0bda78ab39", url = "https://github.com/casey/just/releases/download/1.46.0/just-1.46.0-x86_64-pc-windows-msvc.zip", url_api = "https://api.github.com/repos/casey/just/releases/assets/335433854"}

[[tools.go]]
version = "1.25.5"
backend = "core:go"
"platforms.linux-arm64" = { checksum = "sha256:b00b694903d126c588c378e72d3545549935d3982635ba3f7a964c9fa23fe3b9", url = "https://dl.google.com/go/go1.25.5.linux-arm64.tar.gz"}
"platforms.linux-x64" = { checksum = "sha256:9e9b755d63b36acf30c12a9a3fc379243714c1c6d3dd72861da637f336ebb35b", url = "https://dl.google.com/go/go1.25.5.linux-amd64.tar.gz"}
"platforms.macos-arm64" = { checksum = "sha256:bed8ebe824e3d3b27e8471d1307f803fc6ab8e1d0eb7a4ae196979bd9b801dd3", url = "https://dl.google.com/go/go1.25.5.darwin-arm64.tar.gz"}
"platforms.macos-x64" = { checksum = "sha256:b69d51bce599e5381a94ce15263ae644ec84667a5ce23d58dc2e63e2c12a9f56", url = "https://dl.google.com/go/go1.25.5.darwin-amd64.tar.gz"}
"platforms.windows-x64" = { checksum = "sha256:ae756cce1cb80c819b4fe01b0353807178f532211b47f72d7fa77949de054ebb", url = "https://dl.google.com/go/go1.25.5.windows-amd64.zip"}

[[tools.node]]
version = "24.12.0"
backend = "core:node"
"platforms.linux-arm64" = { checksum = "sha256:9b2a2eeb98a8eb37361224e2a1d060300ad2dd143af58dfdb16de785df0f1228", url = "https://nodejs.org/dist/v24.12.0/node-v24.12.0-linux-arm64.tar.gz"}
"platforms.linux-x64" = { checksum = "sha256:6159227e0af7d7c3c6bb2fa900452b04a6cb8841a702a79acc613209d70b04d0", url = "https://nodejs.org/dist/v24.12.0/node-v24.12.0-linux-x64.tar.gz"}
"platforms.macos-arm64" = { checksum = "sha256:319f221adc5e44ff0ed57e8a441b2284f02b8dc6fc87b8eb92a6a93643fd8080", url = "https://nodejs.org/dist/v24.12.0/node-v24.12.0-darwin-arm64.tar.gz"}
"platforms.macos-x64" = { checksum = "sha256:b82ea4c62fd08e250cab59d625e75d77cc5b0a3d60c6698ebee4545c88a169c5", url = "https://nodejs.org/dist/v24.12.0/node-v24.12.0-darwin-x64.tar.gz"}
"platforms.windows-x64" = { checksum = "sha256:9c125f61ae947b52e779095830f9cac267846a043ef7192183c84016aaad2812", url = "https://nodejs.org/dist/v24.12.0/node-v24.12.0-win-x64.zip"}

[[tools.pnpm]]
version = "10.30.3"
backend = "aqua:pnpm/pnpm"
"platforms.linux-arm64" = { checksum = "sha256:9488f48d6967bfa8f5ebc5c077aae297d2fe25287697b4c8edf991ff945d8af7", url = "https://github.com/pnpm/pnpm/releases/download/v10.30.3/pnpm-linux-arm64"}
"platforms.linux-x64" = { checksum = "sha256:5dc971e801610471b5cd6729ba289531be6695bd50d5e833fe22b18896b13a06", url = "https://github.com/pnpm/pnpm/releases/download/v10.30.3/pnpm-linux-x64"}
"platforms.macos-arm64" = { checksum = "sha256:ccfb6e54fe29d13715e2fe418ef0374cde5a7f68b95f5ed5da5f564886af9d17", url = "https://github.com/pnpm/pnpm/releases/download/v10.30.3/pnpm-macos-arm64"}
"platforms.macos-x64" = { checksum = "sha256:d9be0fd3989c09f5abf7e52f10d8d0294f757af61bbbd59727d607c85205a788", url = "https://github.com/pnpm/pnpm/releases/download/v10.30.3/pnpm-macos-x64"}
"platforms.windows-x64" = { checksum = "sha256:de8337a864056472542b951ab23ad54149cc63127bb2faf3175b7902b764f188", url = "https://github.com/pnpm/pnpm/releases/download/v10.30.3/pnpm-win-x64.exe"}

[[tools.watchexec]]
version = "2.5.0"
backend = "aqua:watchexec/watchexec"
"platforms.linux-arm64" = { checksum = "sha256:5b01f78483eb506c111a035ec3187b7ef37de3158702c50c4f85390e97d02487", url = "https://github.com/watchexec/watchexec/releases/download/v2.5.0/watchexec-2.5.0-aarch64-unknown-linux-gnu.tar.xz"}
"platforms.linux-x64" = { checksum = "sha256:e8015bffea46d9de5cc7ff061afa2d27593e1a1914b406343ef47bb65f5f0634", url = "https://github.com/watchexec/watchexec/releases/download/v2.5.0/watchexec-2.5.0-x86_64-unknown-linux-musl.tar.xz"}
"platforms.macos-arm64" = { checksum = "sha256:dd77ea998468c128b70c9c8a0e6a59221c9a674151a8d683b1e30055d0eeb1d2", url = "https://github.com/watchexec/watchexec/releases/download/v2.5.0/watchexec-2.5.0-aarch64-apple-darwin.tar.xz"}
"platforms.macos-x64" = { checksum = "sha256:a494a488f51359d6bd873ee6df6dcc190c4ce1f693a8688064fbf3a26ffe3579", url = "https://github.com/watchexec/watchexec/releases/download/v2.5.0/watchexec-2.5.0-x86_64-apple-darwin.tar.xz"}
"platforms.windows-x64" = { checksum = "sha256:ecfc8457d30f0ebe5fdc6f67fed87e9114eee551310ebb66449629a5994f843c", url = "https://github.com/watchexec/watchexec/releases/download/v2.5.0/watchexec-2.5.0-x86_64-pc-windows-msvc.zip"}
